
Microsoft Visual Studio Solution File, Format Version 12.00
# Visual Studio Version 16
VisualStudioVersion = 16.0.31515.178
MinimumVisualStudioVersion = 10.0.40219.1
Project("{FAE04EC0-301F-11D3-BF4B-00C04F79EFBC}") = "CalculateCompoundInterestApp", "CalculateCompoundInterestApp\CalculateCompoundInterestApp.csproj", "{010456E1-AE31-475C-98A6-B339E28BE2FD}"
EndProject
Project("{FAE04EC0-301F-11D3-BF4B-00C04F79EFBC}") = "CompoundInterestLibary", "CompoundInterestLibary\CompoundInterestLibary.csproj", "{34241995-0F7B-443C-BD6F-AFBF85B07A60}"
EndProject
Project("{FAE04EC0-301F-11D3-BF4B-00C04F79EFBC}") = "CalculateInterestTest", "CalculateInterestTest\CalculateInterestTest.csproj", "{A32355B3-6694-4113-B35C-F0C4EC49D4CF}"
EndProject
Global
	GlobalSection(SolutionConfigurationPlatforms) = preSolution
		Debug|Any CPU = Debug|Any CPU
		Release|Any CPU = Release|Any CPU
	EndGlobalSection
	GlobalSection(ProjectConfigurationPlatforms) = postSolution
		{010456E1-AE31-475C-98A6-B339E28BE2FD}.Debug|Any CPU.ActiveCfg = Debug|Any CPU
		{010456E1-AE31-475C-98A6-B339E28BE2FD}.Debug|Any CPU.Build.0 = Debug|Any CPU
		{010456E1-AE31-475C-98A6-B339E28BE2FD}.Release|Any CPU.ActiveCfg = Release|Any CPU
		{010456E1-AE31-475C-98A6-B339E28BE2FD}.Release|Any CPU.Build.0 = Release|Any CPU
		{34241995-0F7B-443C-BD6F-AFBF85B07A60}.Debug|Any CPU.ActiveCfg = Debug|Any CPU
		{34241995-0F7B-443C-BD6F-AFBF85B07A60}.Debug|Any CPU.Build.0 = Debug|Any CPU
		{34241995-0F7B-443C-BD6F-AFBF85B07A60}.Release|Any CPU.ActiveCfg = Release|Any CPU
		{34241995-0F7B-443C-BD6F-AFBF85B07A60}.Release|Any CPU.Build.0 = Release|Any CPU
		{A32355B3-6694-4113-B35C-F0C4EC49D4CF}.Debug|Any CPU.ActiveCfg = Debug|Any CPU
		{A32355B3-6694-4113-B35C-F0C4EC49D4CF}.Debug|Any CPU.Build.0 = Debug|Any CPU
		{A32355B3-6694-4113-B35C-F0C4EC49D4CF}.Release|Any CPU.ActiveCfg = Release|Any CPU
		{A32355B3-6694-4113-B35C-F0C4EC49D4CF}.Release|Any CPU.Build.0 = Release|Any CPU
	EndGlobalSection
	GlobalSection(SolutionProperties) = preSolution
		HideSolutionNode = FALSE
	EndGlobalSection
	GlobalSection(ExtensibilityGlobals) = postSolution
		SolutionGuid = {739D1144-BBBD-4BF7-8645-D536E818847D}
	EndGlobalSection
EndGlobal
